{
  "name": "med-donations",
  "version": "1.0.0",
  "lockfileVersion": 3,
  "requires": true,
  "packages": {
    "": {
      "name": "med-donations",
      "version": "1.0.0",
      "dependencies": {
        "@hotwired/stimulus": "^3.2.1"
      }
    },
    "node_modules/@hotwired/stimulus": {
      "version": "3.2.1",
      "resolved": "https://registry.npmjs.org/@hotwired/stimulus/-/stimulus-3.2.1.tgz",
      "integrity": "sha512-HGlzDcf9vv/EQrMJ5ZG6VWNs8Z/xMN+1o2OhV1gKiSG6CqZt5MCBB1gRg5ILiN3U0jEAxuDTNPRfBcnZBDmupQ=="
    }
  }
}
